// !$*UTF8*$!
{
	archiveVersion = 1;
	classes = {
	};
	objectVersion = 50;
	objects = {

/* Begin PBXBuildFile section */
		39E9283F216CB2A900B8ACC1 /* AppDelegate.swift in Sources */ = {isa = PBXBuildFile; fileRef = 39E9283E216CB2A900B8ACC1 /* AppDelegate.swift */; };
		39E92841216CB2A900B8ACC1 /* ViewController.swift in Sources */ = {isa = PBXBuildFile; fileRef = 39E92840216CB2A900B8ACC1 /* ViewController.swift */; };
		39E92844216CB2A900B8ACC1 /* Main.storyboard in Resources */ = {isa = PBXBuildFile; fileRef = 39E92842216CB2A900B8ACC1 /* Main.storyboard */; };
		39E92846216CB2AC00B8ACC1 /* Assets.xcassets in Resources */ = {isa = PBXBuildFile; fileRef = 39E92845216CB2AC00B8ACC1 /* Assets.xcassets */; };
		39E92849216CB2AC00B8ACC1 /* LaunchScreen.storyboard in Resources */ = {isa = PBXBuildFile; fileRef = 39E92847216CB2AC00B8ACC1 /* LaunchScreen.storyboard */; };
		39E92854216CB2AC00B8ACC1 /* RxSwiftStudaywwTests.swift in Sources */ = {isa = PBXBuildFile; fileRef = 39E92853216CB2AC00B8ACC1 /* RxSwiftStudaywwTests.swift */; };
		39E9285F216CB2AC00B8ACC1 /* RxSwiftStudaywwUITests.swift in Sources */ = {isa = PBXBuildFile; fileRef = 39E9285E216CB2AC00B8ACC1 /* RxSwiftStudaywwUITests.swift */; };
		39F9C1F1216D9C3000A21627 /* TextViewController.swift in Sources */ = {isa = PBXBuildFile; fileRef = 39F9C1F0216D9C3000A21627 /* TextViewController.swift */; };
		421FD042216E360300A780F0 /* HZFFont.swift in Sources */ = {isa = PBXBuildFile; fileRef = 421FD041216E360300A780F0 /* HZFFont.swift */; };
		421FD044216E387300A780F0 /* StringHeight.swift in Sources */ = {isa = PBXBuildFile; fileRef = 421FD043216E387300A780F0 /* StringHeight.swift */; };
		42B9B172216E515700D56A5B /* LICENSE in Resources */ = {isa = PBXBuildFile; fileRef = 42B9B14D216E515700D56A5B /* LICENSE */; };
		42B9B173216E515700D56A5B /* ConstraintMultiplierTarget.swift in Sources */ = {isa = PBXBuildFile; fileRef = 42B9B14F216E515700D56A5B /* ConstraintMultiplierTarget.swift */; };
		42B9B174216E515700D56A5B /* LayoutConstraintItem.swift in Sources */ = {isa = PBXBuildFile; fileRef = 42B9B150216E515700D56A5B /* LayoutConstraintItem.swift */; };
		42B9B175216E515700D56A5B /* ConstraintDescription.swift in Sources */ = {isa = PBXBuildFile; fileRef = 42B9B151216E515700D56A5B /* ConstraintDescription.swift */; };
		42B9B176216E515700D56A5B /* ConstraintMakerPriortizable.swift in Sources */ = {isa = PBXBuildFile; fileRef = 42B9B152216E515700D56A5B /* ConstraintMakerPriortizable.swift */; };
		42B9B177216E515700D56A5B /* ConstraintAttributes.swift in Sources */ = {isa = PBXBuildFile; fileRef = 42B9B153216E515700D56A5B /* ConstraintAttributes.swift */; };
		42B9B178216E515700D56A5B /* ConstraintViewDSL.swift in Sources */ = {isa = PBXBuildFile; fileRef = 42B9B154216E515700D56A5B /* ConstraintViewDSL.swift */; };
		42B9B179216E515700D56A5B /* ConstraintPriorityTarget.swift in Sources */ = {isa = PBXBuildFile; fileRef = 42B9B155216E515700D56A5B /* ConstraintPriorityTarget.swift */; };
		42B9B17A216E515700D56A5B /* ConstraintInsets.swift in Sources */ = {isa = PBXBuildFile; fileRef = 42B9B156216E515700D56A5B /* ConstraintInsets.swift */; };
		42B9B17B216E515700D56A5B /* ConstraintMakerFinalizable.swift in Sources */ = {isa = PBXBuildFile; fileRef = 42B9B157216E515700D56A5B /* ConstraintMakerFinalizable.swift */; };
		42B9B17C216E515700D56A5B /* ConstraintDSL.swift in Sources */ = {isa = PBXBuildFile; fileRef = 42B9B158216E515700D56A5B /* ConstraintDSL.swift */; };
		42B9B17D216E515700D56A5B /* ConstraintMakerExtendable.swift in Sources */ = {isa = PBXBuildFile; fileRef = 42B9B159216E515700D56A5B /* ConstraintMakerExtendable.swift */; };
		42B9B17E216E515700D56A5B /* ConstraintPriority.swift in Sources */ = {isa = PBXBuildFile; fileRef = 42B9B15A216E515700D56A5B /* ConstraintPriority.swift */; };
		42B9B17F216E515700D56A5B /* ConstraintInsetTarget.swift in Sources */ = {isa = PBXBuildFile; fileRef = 42B9B15B216E515700D56A5B /* ConstraintInsetTarget.swift */; };
		42B9B180216E515700D56A5B /* ConstraintConfig.swift in Sources */ = {isa = PBXBuildFile; fileRef = 42B9B15C216E515700D56A5B /* ConstraintConfig.swift */; };
		42B9B181216E515700D56A5B /* UILayoutSupport+Extensions.swift in Sources */ = {isa = PBXBuildFile; fileRef = 42B9B15D216E515700D56A5B /* UILayoutSupport+Extensions.swift */; };
		42B9B182216E515700D56A5B /* ConstraintView.swift in Sources */ = {isa = PBXBuildFile; fileRef = 42B9B15E216E515700D56A5B /* ConstraintView.swift */; };
		42B9B183216E515700D56A5B /* ConstraintLayoutGuide.swift in Sources */ = {isa = PBXBuildFile; fileRef = 42B9B15F216E515700D56A5B /* ConstraintLayoutGuide.swift */; };
		42B9B184216E515800D56A5B /* ConstraintLayoutSupport.swift in Sources */ = {isa = PBXBuildFile; fileRef = 42B9B160216E515700D56A5B /* ConstraintLayoutSupport.swift */; };
		42B9B185216E515800D56A5B /* Typealiases.swift in Sources */ = {isa = PBXBuildFile; fileRef = 42B9B161216E515700D56A5B /* Typealiases.swift */; };
		42B9B186216E515800D56A5B /* ConstraintConstantTarget.swift in Sources */ = {isa = PBXBuildFile; fileRef = 42B9B162216E515700D56A5B /* ConstraintConstantTarget.swift */; };
		42B9B187216E515800D56A5B /* ConstraintOffsetTarget.swift in Sources */ = {isa = PBXBuildFile; fileRef = 42B9B163216E515700D56A5B /* ConstraintOffsetTarget.swift */; };
		42B9B188216E515800D56A5B /* ConstraintMakerEditable.swift in Sources */ = {isa = PBXBuildFile; fileRef = 42B9B164216E515700D56A5B /* ConstraintMakerEditable.swift */; };
		42B9B189216E515800D56A5B /* ConstraintMaker.swift in Sources */ = {isa = PBXBuildFile; fileRef = 42B9B165216E515700D56A5B /* ConstraintMaker.swift */; };
		42B9B18A216E515800D56A5B /* ConstraintRelation.swift in Sources */ = {isa = PBXBuildFile; fileRef = 42B9B166216E515700D56A5B /* ConstraintRelation.swift */; };
		42B9B18B216E515800D56A5B /* ConstraintLayoutGuideDSL.swift in Sources */ = {isa = PBXBuildFile; fileRef = 42B9B167216E515700D56A5B /* ConstraintLayoutGuideDSL.swift */; };
		42B9B18C216E515800D56A5B /* ConstraintView+Extensions.swift in Sources */ = {isa = PBXBuildFile; fileRef = 42B9B168216E515700D56A5B /* ConstraintView+Extensions.swift */; };
		42B9B18D216E515800D56A5B /* ConstraintItem.swift in Sources */ = {isa = PBXBuildFile; fileRef = 42B9B169216E515700D56A5B /* ConstraintItem.swift */; };
		42B9B18E216E515800D56A5B /* Constraint.swift in Sources */ = {isa = PBXBuildFile; fileRef = 42B9B16A216E515700D56A5B /* Constraint.swift */; };
		42B9B18F216E515800D56A5B /* Debugging.swift in Sources */ = {isa = PBXBuildFile; fileRef = 42B9B16B216E515700D56A5B /* Debugging.swift */; };
		42B9B190216E515800D56A5B /* ConstraintRelatableTarget.swift in Sources */ = {isa = PBXBuildFile; fileRef = 42B9B16C216E515700D56A5B /* ConstraintRelatableTarget.swift */; };
		42B9B191216E515800D56A5B /* LayoutConstraint.swift in Sources */ = {isa = PBXBuildFile; fileRef = 42B9B16D216E515700D56A5B /* LayoutConstraint.swift */; };
		42B9B192216E515800D56A5B /* ConstraintLayoutGuide+Extensions.swift in Sources */ = {isa = PBXBuildFile; fileRef = 42B9B16E216E515700D56A5B /* ConstraintLayoutGuide+Extensions.swift */; };
		42B9B193216E515800D56A5B /* ConstraintLayoutSupportDSL.swift in Sources */ = {isa = PBXBuildFile; fileRef = 42B9B16F216E515700D56A5B /* ConstraintLayoutSupportDSL.swift */; };
		42B9B194216E515800D56A5B /* ConstraintMakerRelatable.swift in Sources */ = {isa = PBXBuildFile; fileRef = 42B9B170216E515700D56A5B /* ConstraintMakerRelatable.swift */; };
		42B9B195216E515800D56A5B /* README.md in Resources */ = {isa = PBXBuildFile; fileRef = 42B9B171216E515700D56A5B /* README.md */; };
		42B9B197216E518700D56A5B /* PrivacyAgreementViewController.swift in Sources */ = {isa = PBXBuildFile; fileRef = 42B9B196216E518700D56A5B /* PrivacyAgreementViewController.swift */; };
		42B9B199216E65AD00D56A5B /* saTableViewCell.swift in Sources */ = {isa = PBXBuildFile; fileRef = 42B9B198216E65AD00D56A5B /* saTableViewCell.swift */; };
		578AE46A79E2EC033602809C /* Pods_RxSwiftStudaywwTests.framework in Frameworks */ = {isa = PBXBuildFile; fileRef = 2ED291FF7788817BC4B57BD8 /* Pods_RxSwiftStudaywwTests.framework */; };
		92A210EF1BF30A72072E9C6B /* Pods_RxSwiftStudaywwUITests.framework in Frameworks */ = {isa = PBXBuildFile; fileRef = 11B6E475EEC2FBCF688C97A3 /* Pods_RxSwiftStudaywwUITests.framework */; };
		F22E58993320FCD9A3097BE1 /* Pods_RxSwiftStudayww.framework in Frameworks */ = {isa = PBXBuildFile; fileRef = 0980347AC2DF7FE18F73B6CD /* Pods_RxSwiftStudayww.framework */; };
/* End PBXBuildFile section */

/* Begin PBXContainerItemProxy section */
		39E92850216CB2AC00B8ACC1 /* PBXContainerItemProxy */ = {
			isa = PBXContainerItemProxy;
			containerPortal = 39E92833216CB2A900B8ACC1 /* Project object */;
			proxyType = 1;
			remoteGlobalIDString = 39E9283A216CB2A900B8ACC1;
			remoteInfo = RxSwiftStudayww;
		};
		39E9285B216CB2AC00B8ACC1 /* PBXContainerItemProxy */ = {
			isa = PBXContainerItemProxy;
			containerPortal = 39E92833216CB2A900B8ACC1 /* Project object */;
			proxyType = 1;
			remoteGlobalIDString = 39E9283A216CB2A900B8ACC1;
			remoteInfo = RxSwiftStudayww;
		};
/* End PBXContainerItemProxy section */

/* Begin PBXFileReference section */
		0980347AC2DF7FE18F73B6CD /* Pods_RxSwiftStudayww.framework */ = {isa = PBXFileReference; explicitFileType = wrapper.framework; includeInIndex = 0; path = Pods_RxSwiftStudayww.framework; sourceTree = BUILT_PRODUCTS_DIR; };
		11B6E475EEC2FBCF688C97A3 /* Pods_RxSwiftStudaywwUITests.framework */ = {isa = PBXFileReference; explicitFileType = wrapper.framework; includeInIndex = 0; path = Pods_RxSwiftStudaywwUITests.framework; sourceTree = BUILT_PRODUCTS_DIR; };
		11CE902FDF15C9EB5162B3A7 /* Pods-RxSwiftStudayww.release.xcconfig */ = {isa = PBXFileReference; includeInIndex = 1; lastKnownFileType = text.xcconfig; name = "Pods-RxSwiftStudayww.release.xcconfig"; path = "Pods/Target Support Files/Pods-RxSwiftStudayww/Pods-RxSwiftStudayww.release.xcconfig"; sourceTree = "<group>"; };
		2ED291FF7788817BC4B57BD8 /* Pods_RxSwiftStudaywwTests.framework */ = {isa = PBXFileReference; explicitFileType = wrapper.framework; includeInIndex = 0; path = Pods_RxSwiftStudaywwTests.framework; sourceTree = BUILT_PRODUCTS_DIR; };
		39E9283B216CB2A900B8ACC1 /* RxSwiftStudayww.app */ = {isa = PBXFileReference; explicitFileType = wrapper.application; includeInIndex = 0; path = RxSwiftStudayww.app; sourceTree = BUILT_PRODUCTS_DIR; };
		39E9283E216CB2A900B8ACC1 /* AppDelegate.swift */ = {isa = PBXFileReference; lastKnownFileType = sourcecode.swift; path = AppDelegate.swift; sourceTree = "<group>"; };
		39E92840216CB2A900B8ACC1 /* ViewController.swift */ = {isa = PBXFileReference; lastKnownFileType = sourcecode.swift; path = ViewController.swift; sourceTree = "<group>"; };
		39E92843216CB2A900B8ACC1 /* Base */ = {isa = PBXFileReference; lastKnownFileType = file.storyboard; name = Base; path = Base.lproj/Main.storyboard; sourceTree = "<group>"; };
		39E92845216CB2AC00B8ACC1 /* Assets.xcassets */ = {isa = PBXFileReference; lastKnownFileType = folder.assetcatalog; path = Assets.xcassets; sourceTree = "<group>"; };
		39E92848216CB2AC00B8ACC1 /* Base */ = {isa = PBXFileReference; lastKnownFileType = file.storyboard; name = Base; path = Base.lproj/LaunchScreen.storyboard; sourceTree = "<group>"; };
		39E9284A216CB2AC00B8ACC1 /* Info.plist */ = {isa = PBXFileReference; lastKnownFileType = text.plist.xml; path = Info.plist; sourceTree = "<group>"; };
		39E9284F216CB2AC00B8ACC1 /* RxSwiftStudaywwTests.xctest */ = {isa = PBXFileReference; explicitFileType = wrapper.cfbundle; includeInIndex = 0; path = RxSwiftStudaywwTests.xctest; sourceTree = BUILT_PRODUCTS_DIR; };
		39E92853216CB2AC00B8ACC1 /* RxSwiftStudaywwTests.swift */ = {isa = PBXFileReference; lastKnownFileType = sourcecode.swift; path = RxSwiftStudaywwTests.swift; sourceTree = "<group>"; };
		39E92855216CB2AC00B8ACC1 /* Info.plist */ = {isa = PBXFileReference; lastKnownFileType = text.plist.xml; path = Info.plist; sourceTree = "<group>"; };
		39E9285A216CB2AC00B8ACC1 /* RxSwiftStudaywwUITests.xctest */ = {isa = PBXFileReference; explicitFileType = wrapper.cfbundle; includeInIndex = 0; path = RxSwiftStudaywwUITests.xctest; sourceTree = BUILT_PRODUCTS_DIR; };
		39E9285E216CB2AC00B8ACC1 /* RxSwiftStudaywwUITests.swift */ = {isa = PBXFileReference; lastKnownFileType = sourcecode.swift; path = RxSwiftStudaywwUITests.swift; sourceTree = "<group>"; };
		39E92860216CB2AC00B8ACC1 /* Info.plist */ = {isa = PBXFileReference; lastKnownFileType = text.plist.xml; path = Info.plist; sourceTree = "<group>"; };
		39F9C1F0216D9C3000A21627 /* TextViewController.swift */ = {isa = PBXFileReference; lastKnownFileType = sourcecode.swift; path = TextViewController.swift; sourceTree = "<group>"; };
		421FD041216E360300A780F0 /* HZFFont.swift */ = {isa = PBXFileReference; lastKnownFileType = sourcecode.swift; path = HZFFont.swift; sourceTree = "<group>"; };
		421FD043216E387300A780F0 /* StringHeight.swift */ = {isa = PBXFileReference; lastKnownFileType = sourcecode.swift; path = StringHeight.swift; sourceTree = "<group>"; };
		42B9B14D216E515700D56A5B /* LICENSE */ = {isa = PBXFileReference; fileEncoding = 4; lastKnownFileType = text; path = LICENSE; sourceTree = "<group>"; };
		42B9B14F216E515700D56A5B /* ConstraintMultiplierTarget.swift */ = {isa = PBXFileReference; fileEncoding = 4; lastKnownFileType = sourcecode.swift; path = ConstraintMultiplierTarget.swift; sourceTree = "<group>"; };
		42B9B150216E515700D56A5B /* LayoutConstraintItem.swift */ = {isa = PBXFileReference; fileEncoding = 4; lastKnownFileType = sourcecode.swift; path = LayoutConstraintItem.swift; sourceTree = "<group>"; };
		42B9B151216E515700D56A5B /* ConstraintDescription.swift */ = {isa = PBXFileReference; fileEncoding = 4; lastKnownFileType = sourcecode.swift; path = ConstraintDescription.swift; sourceTree = "<group>"; };
		42B9B152216E515700D56A5B /* ConstraintMakerPriortizable.swift */ = {isa = PBXFileReference; fileEncoding = 4; lastKnownFileType = sourcecode.swift; path = ConstraintMakerPriortizable.swift; sourceTree = "<group>"; };
		42B9B153216E515700D56A5B /* ConstraintAttributes.swift */ = {isa = PBXFileReference; fileEncoding = 4; lastKnownFileType = sourcecode.swift; path = ConstraintAttributes.swift; sourceTree = "<group>"; };
		42B9B154216E515700D56A5B /* ConstraintViewDSL.swift */ = {isa = PBXFileReference; fileEncoding = 4; lastKnownFileType = sourcecode.swift; path = ConstraintViewDSL.swift; sourceTree = "<group>"; };
		42B9B155216E515700D56A5B /* ConstraintPriorityTarget.swift */ = {isa = PBXFileReference; fileEncoding = 4; lastKnownFileType = sourcecode.swift; path = ConstraintPriorityTarget.swift; sourceTree = "<group>"; };
		42B9B156216E515700D56A5B /* ConstraintInsets.swift */ = {isa = PBXFileReference; fileEncoding = 4; lastKnownFileType = sourcecode.swift; path = ConstraintInsets.swift; sourceTree = "<group>"; };
		42B9B157216E515700D56A5B /* ConstraintMakerFinalizable.swift */ = {isa = PBXFileReference; fileEncoding = 4; lastKnownFileType = sourcecode.swift; path = ConstraintMakerFinalizable.swift; sourceTree = "<group>"; };
		42B9B158216E515700D56A5B /* ConstraintDSL.swift */ = {isa = PBXFileReference; fileEncoding = 4; lastKnownFileType = sourcecode.swift; path = ConstraintDSL.swift; sourceTree = "<group>"; };
		42B9B159216E515700D56A5B /* ConstraintMakerExtendable.swift */ = {isa = PBXFileReference; fileEncoding = 4; lastKnownFileType = sourcecode.swift; path = ConstraintMakerExtendable.swift; sourceTree = "<group>"; };
		42B9B15A216E515700D56A5B /* ConstraintPriority.swift */ = {isa = PBXFileReference; fileEncoding = 4; lastKnownFileType = sourcecode.swift; path = ConstraintPriority.swift; sourceTree = "<group>"; };
		42B9B15B216E515700D56A5B /* ConstraintInsetTarget.swift */ = {isa = PBXFileReference; fileEncoding = 4; lastKnownFileType = sourcecode.swift; path = ConstraintInsetTarget.swift; sourceTree = "<group>"; };
		42B9B15C216E515700D56A5B /* ConstraintConfig.swift */ = {isa = PBXFileReference; fileEncoding = 4; lastKnownFileType = sourcecode.swift; path = ConstraintConfig.swift; sourceTree = "<group>"; };
		42B9B15D216E515700D56A5B /* UILayoutSupport+Extensions.swift */ = {isa = PBXFileReference; fileEncoding = 4; lastKnownFileType = sourcecode.swift; path = "UILayoutSupport+Extensions.swift"; sourceTree = "<group>"; };
		42B9B15E216E515700D56A5B /* ConstraintView.swift */ = {isa = PBXFileReference; fileEncoding = 4; lastKnownFileType = sourcecode.swift; path = ConstraintView.swift; sourceTree = "<group>"; };
		42B9B15F216E515700D56A5B /* ConstraintLayoutGuide.swift */ = {isa = PBXFileReference; fileEncoding = 4; lastKnownFileType = sourcecode.swift; path = ConstraintLayoutGuide.swift; sourceTree = "<group>"; };
		42B9B160216E515700D56A5B /* ConstraintLayoutSupport.swift */ = {isa = PBXFileReference; fileEncoding = 4; lastKnownFileType = sourcecode.swift; path = ConstraintLayoutSupport.swift; sourceTree = "<group>"; };
		42B9B161216E515700D56A5B /* Typealiases.swift */ = {isa = PBXFileReference; fileEncoding = 4; lastKnownFileType = sourcecode.swift; path = Typealiases.swift; sourceTree = "<group>"; };
		42B9B162216E515700D56A5B /* ConstraintConstantTarget.swift */ = {isa = PBXFileReference; fileEncoding = 4; lastKnownFileType = sourcecode.swift; path = ConstraintConstantTarget.swift; sourceTree = "<group>"; };
		42B9B163216E515700D56A5B /* ConstraintOffsetTarget.swift */ = {isa = PBXFileReference; fileEncoding = 4; lastKnownFileType = sourcecode.swift; path = ConstraintOffsetTarget.swift; sourceTree = "<group>"; };
		42B9B164216E515700D56A5B /* ConstraintMakerEditable.swift */ = {isa = PBXFileReference; fileEncoding = 4; lastKnownFileType = sourcecode.swift; path = ConstraintMakerEditable.swift; sourceTree = "<group>"; };
		42B9B165216E515700D56A5B /* ConstraintMaker.swift */ = {isa = PBXFileReference; fileEncoding = 4; lastKnownFileType = sourcecode.swift; path = ConstraintMaker.swift; sourceTree = "<group>"; };
		42B9B166216E515700D56A5B /* ConstraintRelation.swift */ = {isa = PBXFileReference; fileEncoding = 4; lastKnownFileType = sourcecode.swift; path = ConstraintRelation.swift; sourceTree = "<group>"; };
		42B9B167216E515700D56A5B /* ConstraintLayoutGuideDSL.swift */ = {isa = PBXFileReference; fileEncoding = 4; lastKnownFileType = sourcecode.swift; path = ConstraintLayoutGuideDSL.swift; sourceTree = "<group>"; };
		42B9B168216E515700D56A5B /* ConstraintView+Extensions.swift */ = {isa = PBXFileReference; fileEncoding = 4; lastKnownFileType = sourcecode.swift; path = "ConstraintView+Extensions.swift"; sourceTree = "<group>"; };
		42B9B169216E515700D56A5B /* ConstraintItem.swift */ = {isa = PBXFileReference; fileEncoding = 4; lastKnownFileType = sourcecode.swift; path = ConstraintItem.swift; sourceTree = "<group>"; };
		42B9B16A216E515700D56A5B /* Constraint.swift */ = {isa = PBXFileReference; fileEncoding = 4; lastKnownFileType = sourcecode.swift; path = Constraint.swift; sourceTree = "<group>"; };
		42B9B16B216E515700D56A5B /* Debugging.swift */ = {isa = PBXFileReference; fileEncoding = 4; lastKnownFileType = sourcecode.swift; path = Debugging.swift; sourceTree = "<group>"; };
		42B9B16C216E515700D56A5B /* ConstraintRelatableTarget.swift */ = {isa = PBXFileReference; fileEncoding = 4; lastKnownFileType = sourcecode.swift; path = ConstraintRelatableTarget.swift; sourceTree = "<group>"; };
		42B9B16D216E515700D56A5B /* LayoutConstraint.swift */ = {isa = PBXFileReference; fileEncoding = 4; lastKnownFileType = sourcecode.swift; path = LayoutConstraint.swift; sourceTree = "<group>"; };
		42B9B16E216E515700D56A5B /* ConstraintLayoutGuide+Extensions.swift */ = {isa = PBXFileReference; fileEncoding = 4; lastKnownFileType = sourcecode.swift; path = "ConstraintLayoutGuide+Extensions.swift"; sourceTree = "<group>"; };
		42B9B16F216E515700D56A5B /* ConstraintLayoutSupportDSL.swift */ = {isa = PBXFileReference; fileEncoding = 4; lastKnownFileType = sourcecode.swift; path = ConstraintLayoutSupportDSL.swift; sourceTree = "<group>"; };
		42B9B170216E515700D56A5B /* ConstraintMakerRelatable.swift */ = {isa = PBXFileReference; fileEncoding = 4; lastKnownFileType = sourcecode.swift; path = ConstraintMakerRelatable.swift; sourceTree = "<group>"; };
		42B9B171216E515700D56A5B /* README.md */ = {isa = PBXFileReference; fileEncoding = 4; lastKnownFileType = net.daringfireball.markdown; path = README.md; sourceTree = "<group>"; };
		42B9B196216E518700D56A5B /* PrivacyAgreementViewController.swift */ = {isa = PBXFileReference; fileEncoding = 4; lastKnownFileType = sourcecode.swift; path = PrivacyAgreementViewController.swift; sourceTree = "<group>"; };
		42B9B198216E65AD00D56A5B /* saTableViewCell.swift */ = {isa = PBXFileReference; lastKnownFileType = sourcecode.swift; path = saTableViewCell.swift; sourceTree = "<group>"; };
		4EE07E7A092E3E240C27E89D /* Pods-RxSwiftStudaywwTests.debug.xcconfig */ = {isa = PBXFileReference; includeInIndex = 1; lastKnownFileType = text.xcconfig; name = "Pods-RxSwiftStudaywwTests.debug.xcconfig"; path = "Pods/Target Support Files/Pods-RxSwiftStudaywwTests/Pods-RxSwiftStudaywwTests.debug.xcconfig"; sourceTree = "<group>"; };
		50CDE87C72EA4BC7341B124F /* Pods-RxSwiftStudaywwTests.release.xcconfig */ = {isa = PBXFileReference; includeInIndex = 1; lastKnownFileType = text.xcconfig; name = "Pods-RxSwiftStudaywwTests.release.xcconfig"; path = "Pods/Target Support Files/Pods-RxSwiftStudaywwTests/Pods-RxSwiftStudaywwTests.release.xcconfig"; sourceTree = "<group>"; };
		7FE652D7B74900D22E511F3D /* Pods-RxSwiftStudaywwUITests.release.xcconfig */ = {isa = PBXFileReference; includeInIndex = 1; lastKnownFileType = text.xcconfig; name = "Pods-RxSwiftStudaywwUITests.release.xcconfig"; path = "Pods/Target Support Files/Pods-RxSwiftStudaywwUITests/Pods-RxSwiftStudaywwUITests.release.xcconfig"; sourceTree = "<group>"; };
		86FF33151172EEB24CCD209C /* Pods-RxSwiftStudayww.debug.xcconfig */ = {isa = PBXFileReference; includeInIndex = 1; lastKnownFileType = text.xcconfig; name = "Pods-RxSwiftStudayww.debug.xcconfig"; path = "Pods/Target Support Files/Pods-RxSwiftStudayww/Pods-RxSwiftStudayww.debug.xcconfig"; sourceTree = "<group>"; };
		F82BFFE83E5482F6CFAD8FA3 /* Pods-RxSwiftStudaywwUITests.debug.xcconfig */ = {isa = PBXFileReference; includeInIndex = 1; lastKnownFileType = text.xcconfig; name = "Pods-RxSwiftStudaywwUITests.debug.xcconfig"; path = "Pods/Target Support Files/Pods-RxSwiftStudaywwUITests/Pods-RxSwiftStudaywwUITests.debug.xcconfig"; sourceTree = "<group>"; };
/* End PBXFileReference section */

/* Begin PBXFrameworksBuildPhase section */
		39E92838216CB2A900B8ACC1 /* Frameworks */ = {
			isa = PBXFrameworksBuildPhase;
			buildActionMask = 2147483647;
			files = (
				F22E58993320FCD9A3097BE1 /* Pods_RxSwiftStudayww.framework in Frameworks */,
			);
			runOnlyForDeploymentPostprocessing = 0;
		};
		39E9284C216CB2AC00B8ACC1 /* Frameworks */ = {
			isa = PBXFrameworksBuildPhase;
			buildActionMask = 2147483647;
			files = (
				578AE46A79E2EC033602809C /* Pods_RxSwiftStudaywwTests.framework in Frameworks */,
			);
			runOnlyForDeploymentPostprocessing = 0;
		};
		39E92857216CB2AC00B8ACC1 /* Frameworks */ = {
			isa = PBXFrameworksBuildPhase;
			buildActionMask = 2147483647;
			files = (
				92A210EF1BF30A72072E9C6B /* Pods_RxSwiftStudaywwUITests.framework in Frameworks */,
			);
			runOnlyForDeploymentPostprocessing = 0;
		};
/* End PBXFrameworksBuildPhase section */

/* Begin PBXGroup section */
		03C3705159DDCA98B60A19CF /* Frameworks */ = {
			isa = PBXGroup;
			children = (
				0980347AC2DF7FE18F73B6CD /* Pods_RxSwiftStudayww.framework */,
				2ED291FF7788817BC4B57BD8 /* Pods_RxSwiftStudaywwTests.framework */,
				11B6E475EEC2FBCF688C97A3 /* Pods_RxSwiftStudaywwUITests.framework */,
			);
			name = Frameworks;
			sourceTree = "<group>";
		};
		39E92832216CB2A900B8ACC1 = {
			isa = PBXGroup;
			children = (
				39E9283D216CB2A900B8ACC1 /* RxSwiftStudayww */,
				39E92852216CB2AC00B8ACC1 /* RxSwiftStudaywwTests */,
				39E9285D216CB2AC00B8ACC1 /* RxSwiftStudaywwUITests */,
				39E9283C216CB2A900B8ACC1 /* Products */,
				3D5A86DF1BBD1CF2184518BD /* Pods */,
				03C3705159DDCA98B60A19CF /* Frameworks */,
			);
			sourceTree = "<group>";
		};
		39E9283C216CB2A900B8ACC1 /* Products */ = {
			isa = PBXGroup;
			children = (
				39E9283B216CB2A900B8ACC1 /* RxSwiftStudayww.app */,
				39E9284F216CB2AC00B8ACC1 /* RxSwiftStudaywwTests.xctest */,
				39E9285A216CB2AC00B8ACC1 /* RxSwiftStudaywwUITests.xctest */,
			);
			name = Products;
			sourceTree = "<group>";
		};
		39E9283D216CB2A900B8ACC1 /* RxSwiftStudayww */ = {
			isa = PBXGroup;
			children = (
				42B9B14C216E515700D56A5B /* SnapKit */,
				39E9283E216CB2A900B8ACC1 /* AppDelegate.swift */,
				39E92840216CB2A900B8ACC1 /* ViewController.swift */,
				39F9C1F0216D9C3000A21627 /* TextViewController.swift */,
				42B9B196216E518700D56A5B /* PrivacyAgreementViewController.swift */,
				42B9B198216E65AD00D56A5B /* saTableViewCell.swift */,
				421FD043216E387300A780F0 /* StringHeight.swift */,
				421FD041216E360300A780F0 /* HZFFont.swift */,
				39E92842216CB2A900B8ACC1 /* Main.storyboard */,
				39E92845216CB2AC00B8ACC1 /* Assets.xcassets */,
				39E92847216CB2AC00B8ACC1 /* LaunchScreen.storyboard */,
				39E9284A216CB2AC00B8ACC1 /* Info.plist */,
			);
			path = RxSwiftStudayww;
			sourceTree = "<group>";
		};
		39E92852216CB2AC00B8ACC1 /* RxSwiftStudaywwTests */ = {
			isa = PBXGroup;
			children = (
				39E92853216CB2AC00B8ACC1 /* RxSwiftStudaywwTests.swift */,
				39E92855216CB2AC00B8ACC1 /* Info.plist */,
			);
			path = RxSwiftStudaywwTests;
			sourceTree = "<group>";
		};
		39E9285D216CB2AC00B8ACC1 /* RxSwiftStudaywwUITests */ = {
			isa = PBXGroup;
			children = (
				39E9285E216CB2AC00B8ACC1 /* RxSwiftStudaywwUITests.swift */,
				39E92860216CB2AC00B8ACC1 /* Info.plist */,
			);
			path = RxSwiftStudaywwUITests;
			sourceTree = "<group>";
		};
		3D5A86DF1BBD1CF2184518BD /* Pods */ = {
			isa = PBXGroup;
			children = (
				86FF33151172EEB24CCD209C /* Pods-RxSwiftStudayww.debug.xcconfig */,
				11CE902FDF15C9EB5162B3A7 /* Pods-RxSwiftStudayww.release.xcconfig */,
				4EE07E7A092E3E240C27E89D /* Pods-RxSwiftStudaywwTests.debug.xcconfig */,
				50CDE87C72EA4BC7341B124F /* Pods-RxSwiftStudaywwTests.release.xcconfig */,
				F82BFFE83E5482F6CFAD8FA3 /* Pods-RxSwiftStudaywwUITests.debug.xcconfig */,
				7FE652D7B74900D22E511F3D /* Pods-RxSwiftStudaywwUITests.release.xcconfig */,
			);
			name = Pods;
			sourceTree = "<group>";
		};
		42B9B14C216E515700D56A5B /* SnapKit */ = {
			isa = PBXGroup;
			children = (
				42B9B14D216E515700D56A5B /* LICENSE */,
				42B9B14E216E515700D56A5B /* Source */,
				42B9B171216E515700D56A5B /* README.md */,
			);
			path = SnapKit;
			sourceTree = SOURCE_ROOT;
		};
		42B9B14E216E515700D56A5B /* Source */ = {
			isa = PBXGroup;
			children = (
				42B9B14F216E515700D56A5B /* ConstraintMultiplierTarget.swift */,
				42B9B150216E515700D56A5B /* LayoutConstraintItem.swift */,
				42B9B151216E515700D56A5B /* ConstraintDescription.swift */,
				42B9B152216E515700D56A5B /* ConstraintMakerPriortizable.swift */,
				42B9B153216E515700D56A5B /* ConstraintAttributes.swift */,
				42B9B154216E515700D56A5B /* ConstraintViewDSL.swift */,
				42B9B155216E515700D56A5B /* ConstraintPriorityTarget.swift */,
				42B9B156216E515700D56A5B /* ConstraintInsets.swift */,
				42B9B157216E515700D56A5B /* ConstraintMakerFinalizable.swift */,
				42B9B158216E515700D56A5B /* ConstraintDSL.swift */,
				42B9B159216E515700D56A5B /* ConstraintMakerExtendable.swift */,
				42B9B15A216E515700D56A5B /* ConstraintPriority.swift */,
				42B9B15B216E515700D56A5B /* ConstraintInsetTarget.swift */,
				42B9B15C216E515700D56A5B /* ConstraintConfig.swift */,
				42B9B15D216E515700D56A5B /* UILayoutSupport+Extensions.swift */,
				42B9B15E216E515700D56A5B /* ConstraintView.swift */,
				42B9B15F216E515700D56A5B /* ConstraintLayoutGuide.swift */,
				42B9B160216E515700D56A5B /* ConstraintLayoutSupport.swift */,
				42B9B161216E515700D56A5B /* Typealiases.swift */,
				42B9B162216E515700D56A5B /* ConstraintConstantTarget.swift */,
				42B9B163216E515700D56A5B /* ConstraintOffsetTarget.swift */,
				42B9B164216E515700D56A5B /* ConstraintMakerEditable.swift */,
				42B9B165216E515700D56A5B /* ConstraintMaker.swift */,
				42B9B166216E515700D56A5B /* ConstraintRelation.swift */,
				42B9B167216E515700D56A5B /* ConstraintLayoutGuideDSL.swift */,
				42B9B168216E515700D56A5B /* ConstraintView+Extensions.swift */,
				42B9B169216E515700D56A5B /* ConstraintItem.swift */,
				42B9B16A216E515700D56A5B /* Constraint.swift */,
				42B9B16B216E515700D56A5B /* Debugging.swift */,
				42B9B16C216E515700D56A5B /* ConstraintRelatableTarget.swift */,
				42B9B16D216E515700D56A5B /* LayoutConstraint.swift */,
				42B9B16E216E515700D56A5B /* ConstraintLayoutGuide+Extensions.swift */,
				42B9B16F216E515700D56A5B /* ConstraintLayoutSupportDSL.swift */,
				42B9B170216E515700D56A5B /* ConstraintMakerRelatable.swift */,
			);
			path = Source;
			sourceTree = "<group>";
		};
/* End PBXGroup section */

/* Begin PBXNativeTarget section */
		39E9283A216CB2A900B8ACC1 /* RxSwiftStudayww */ = {
			isa = PBXNativeTarget;
			buildConfigurationList = 39E92863216CB2AC00B8ACC1 /* Build configuration list for PBXNativeTarget "RxSwiftStudayww" */;
			buildPhases = (
				D8303640FDD7B89AF3799CDD /* [CP] Check Pods Manifest.lock */,
				39E92837216CB2A900B8ACC1 /* Sources */,
				39E92838216CB2A900B8ACC1 /* Frameworks */,
				39E92839216CB2A900B8ACC1 /* Resources */,
				F7850BC1B4E70B463B9D437D /* [CP] Embed Pods Frameworks */,
			);
			buildRules = (
			);
			dependencies = (
			);
			name = RxSwiftStudayww;
			productName = RxSwiftStudayww;
			productReference = 39E9283B216CB2A900B8ACC1 /* RxSwiftStudayww.app */;
			productType = "com.apple.product-type.application";
		};
		39E9284E216CB2AC00B8ACC1 /* RxSwiftStudaywwTests */ = {
			isa = PBXNativeTarget;
			buildConfigurationList = 39E92866216CB2AC00B8ACC1 /* Build configuration list for PBXNativeTarget "RxSwiftStudaywwTests" */;
			buildPhases = (
				BD6D244BBFBDE2A3CE4B059B /* [CP] Check Pods Manifest.lock */,
				39E9284B216CB2AC00B8ACC1 /* Sources */,
				39E9284C216CB2AC00B8ACC1 /* Frameworks */,
				39E9284D216CB2AC00B8ACC1 /* Resources */,
			);
			buildRules = (
			);
			dependencies = (
				39E92851216CB2AC00B8ACC1 /* PBXTargetDependency */,
			);
			name = RxSwiftStudaywwTests;
			productName = RxSwiftStudaywwTests;
			productReference = 39E9284F216CB2AC00B8ACC1 /* RxSwiftStudaywwTests.xctest */;
			productType = "com.apple.product-type.bundle.unit-test";
		};
		39E92859216CB2AC00B8ACC1 /* RxSwiftStudaywwUITests */ = {
			isa = PBXNativeTarget;
			buildConfigurationList = 39E92869216CB2AC00B8ACC1 /* Build configuration list for PBXNativeTarget "RxSwiftStudaywwUITests" */;
			buildPhases = (
				FDA7FB59A2615327C1BEAFD6 /* [CP] Check Pods Manifest.lock */,
				39E92856216CB2AC00B8ACC1 /* Sources */,
				39E92857216CB2AC00B8ACC1 /* Frameworks */,
				39E92858216CB2AC00B8ACC1 /* Resources */,
			);
			buildRules = (
			);
			dependencies = (
				39E9285C216CB2AC00B8ACC1 /* PBXTargetDependency */,
			);
			name = RxSwiftStudaywwUITests;
			productName = RxSwiftStudaywwUITests;
			productReference = 39E9285A216CB2AC00B8ACC1 /* RxSwiftStudaywwUITests.xctest */;
			productType = "com.apple.product-type.bundle.ui-testing";
		};
/* End PBXNativeTarget section */

/* Begin PBXProject section */
		39E92833216CB2A900B8ACC1 /* Project object */ = {
			isa = PBXProject;
			attributes = {
				LastSwiftUpdateCheck = 1000;
				LastUpgradeCheck = 1000;
				ORGANIZATIONNAME = huifenqi;
				TargetAttributes = {
					39E9283A216CB2A900B8ACC1 = {
						CreatedOnToolsVersion = 10.0;
					};
					39E9284E216CB2AC00B8ACC1 = {
						CreatedOnToolsVersion = 10.0;
						TestTargetID = 39E9283A216CB2A900B8ACC1;
					};
					39E92859216CB2AC00B8ACC1 = {
						CreatedOnToolsVersion = 10.0;
						TestTargetID = 39E9283A216CB2A900B8ACC1;
					};
				};
			};
			buildConfigurationList = 39E92836216CB2A900B8ACC1 /* Build configuration list for PBXProject "RxSwiftStudayww" */;
			compatibilityVersion = "Xcode 9.3";
			developmentRegion = en;
			hasScannedForEncodings = 0;
			knownRegions = (
				en,
				Base,
			);
			mainGroup = 39E92832216CB2A900B8ACC1;
			productRefGroup = 39E9283C216CB2A900B8ACC1 /* Products */;
			projectDirPath = "";
			projectRoot = "";
			targets = (
				39E9283A216CB2A900B8ACC1 /* RxSwiftStudayww */,
				39E9284E216CB2AC00B8ACC1 /* RxSwiftStudaywwTests */,
				39E92859216CB2AC00B8ACC1 /* RxSwiftStudaywwUITests */,
			);
		};
/* End PBXProject section */

/* Begin PBXResourcesBuildPhase section */
		39E92839216CB2A900B8ACC1 /* Resources */ = {
			isa = PBXResourcesBuildPhase;
			buildActionMask = 2147483647;
			files = (
				39E92849216CB2AC00B8ACC1 /* LaunchScreen.storyboard in Resources */,
				39E92846216CB2AC00B8ACC1 /* Assets.xcassets in Resources */,
				42B9B195216E515800D56A5B /* README.md in Resources */,
				42B9B172216E515700D56A5B /* LICENSE in Resources */,
				39E92844216CB2A900B8ACC1 /* Main.storyboard in Resources */,
			);
			runOnlyForDeploymentPostprocessing = 0;
		};
		39E9284D216CB2AC00B8ACC1 /* Resources */ = {
			isa = PBXResourcesBuildPhase;
			buildActionMask = 2147483647;
			files = (
			);
			runOnlyForDeploymentPostprocessing = 0;
		};
		39E92858216CB2AC00B8ACC1 /* Resources */ = {
			isa = PBXResourcesBuildPhase;
			buildActionMask = 2147483647;
			files = (
			);
			runOnlyForDeploymentPostprocessing = 0;
		};
/* End PBXResourcesBuildPhase section */

/* Begin PBXShellScriptBuildPhase section */
		BD6D244BBFBDE2A3CE4B059B /* [CP] Check Pods Manifest.lock */ = {
			isa = PBXShellScriptBuildPhase;
			buildActionMask = 2147483647;
			files = (
			);
			inputFileListPaths = (
			);
			inputPaths = (
				"${PODS_PODFILE_DIR_PATH}/Podfile.lock",
				"${PODS_ROOT}/Manifest.lock",
			);
			name = "[CP] Check Pods Manifest.lock";
			outputFileListPaths = (
			);
			outputPaths = (
				"$(DERIVED_FILE_DIR)/Pods-RxSwiftStudaywwTests-checkManifestLockResult.txt",
			);
			runOnlyForDeploymentPostprocessing = 0;
			shellPath = /bin/sh;
			shellScript = "diff \"${PODS_PODFILE_DIR_PATH}/Podfile.lock\" \"${PODS_ROOT}/Manifest.lock\" > /dev/null\nif [ $? != 0 ] ; then\n    # print error to STDERR\n    echo \"error: The sandbox is not in sync with the Podfile.lock. Run 'pod install' or update your CocoaPods installation.\" >&2\n    exit 1\nfi\n# This output is used by Xcode 'outputs' to avoid re-running this script phase.\necho \"SUCCESS\" > \"${SCRIPT_OUTPUT_FILE_0}\"\n";
			showEnvVarsInLog = 0;
		};
		D8303640FDD7B89AF3799CDD /* [CP] Check Pods Manifest.lock */ = {
			isa = PBXShellScriptBuildPhase;
			buildActionMask = 2147483647;
			files = (
			);
			inputFileListPaths = (
			);
			inputPaths = (
				"${PODS_PODFILE_DIR_PATH}/Podfile.lock",
				"${PODS_ROOT}/Manifest.lock",
			);
			name = "[CP] Check Pods Manifest.lock";
			outputFileListPaths = (
			);
			outputPaths = (
				"$(DERIVED_FILE_DIR)/Pods-RxSwiftStudayww-checkManifestLockResult.txt",
			);
			runOnlyForDeploymentPostprocessing = 0;
			shellPath = /bin/sh;
			shellScript = "diff \"${PODS_PODFILE_DIR_PATH}/Podfile.lock\" \"${PODS_ROOT}/Manifest.lock\" > /dev/null\nif [ $? != 0 ] ; then\n    # print error to STDERR\n    echo \"error: The sandbox is not in sync with the Podfile.lock. Run 'pod install' or update your CocoaPods installation.\" >&2\n    exit 1\nfi\n# This output is used by Xcode 'outputs' to avoid re-running this script phase.\necho \"SUCCESS\" > \"${SCRIPT_OUTPUT_FILE_0}\"\n";
			showEnvVarsInLog = 0;
		};
		F7850BC1B4E70B463B9D437D /* [CP] Embed Pods Frameworks */ = {
			isa = PBXShellScriptBuildPhase;
			buildActionMask = 2147483647;
			files = (
			);
			inputFileListPaths = (
			);
			inputPaths = (
				"${SRCROOT}/Pods/Target Support Files/Pods-RxSwiftStudayww/Pods-RxSwiftStudayww-frameworks.sh",
				"${BUILT_PRODUCTS_DIR}/Differentiator/Differentiator.framework",
				"${BUILT_PRODUCTS_DIR}/RxCocoa/RxCocoa.framework",
				"${BUILT_PRODUCTS_DIR}/RxDataSources/RxDataSources.framework",
				"${BUILT_PRODUCTS_DIR}/RxSwift/RxSwift.framework",
			);
			name = "[CP] Embed Pods Frameworks";
			outputFileListPaths = (
			);
			outputPaths = (
				"${TARGET_BUILD_DIR}/${FRAMEWORKS_FOLDER_PATH}/Differentiator.framework",
				"${TARGET_BUILD_DIR}/${FRAMEWORKS_FOLDER_PATH}/RxCocoa.framework",
				"${TARGET_BUILD_DIR}/${FRAMEWORKS_FOLDER_PATH}/RxDataSources.framework",
				"${TARGET_BUILD_DIR}/${FRAMEWORKS_FOLDER_PATH}/RxSwift.framework",
			);
			runOnlyForDeploymentPostprocessing = 0;
			shellPath = /bin/sh;
			shellScript = "\"${SRCROOT}/Pods/Target Support Files/Pods-RxSwiftStudayww/Pods-RxSwiftStudayww-frameworks.sh\"\n";
			showEnvVarsInLog = 0;
		};
		FDA7FB59A2615327C1BEAFD6 /* [CP] Check Pods Manifest.lock */ = {
			isa = PBXShellScriptBuildPhase;
			buildActionMask = 2147483647;
			files = (
			);
			inputFileListPaths = (
			);
			inputPaths = (
				"${PODS_PODFILE_DIR_PATH}/Podfile.lock",
				"${PODS_ROOT}/Manifest.lock",
			);
			name = "[CP] Check Pods Manifest.lock";
			outputFileListPaths = (
			);
			outputPaths = (
				"$(DERIVED_FILE_DIR)/Pods-RxSwiftStudaywwUITests-checkManifestLockResult.txt",
			);
			runOnlyForDeploymentPostprocessing = 0;
			shellPath = /bin/sh;
			shellScript = "diff \"${PODS_PODFILE_DIR_PATH}/Podfile.lock\" \"${PODS_ROOT}/Manifest.lock\" > /dev/null\nif [ $? != 0 ] ; then\n    # print error to STDERR\n    echo \"error: The sandbox is not in sync with the Podfile.lock. Run 'pod install' or update your CocoaPods installation.\" >&2\n    exit 1\nfi\n# This output is used by Xcode 'outputs' to avoid re-running this script phase.\necho \"SUCCESS\" > \"${SCRIPT_OUTPUT_FILE_0}\"\n";
			showEnvVarsInLog = 0;
		};
/* End PBXShellScriptBuildPhase section */

/* Begin PBXSourcesBuildPhase section */
		39E92837216CB2A900B8ACC1 /* Sources */ = {
			isa = PBXSourcesBuildPhase;
			buildActionMask = 2147483647;
			files = (
				42B9B18A216E515800D56A5B /* ConstraintRelation.swift in Sources */,
				42B9B188216E515800D56A5B /* ConstraintMakerEditable.swift in Sources */,
				42B9B173216E515700D56A5B /* ConstraintMultiplierTarget.swift in Sources */,
				42B9B190216E515800D56A5B /* ConstraintRelatableTarget.swift in Sources */,
				42B9B18D216E515800D56A5B /* ConstraintItem.swift in Sources */,
				42B9B192216E515800D56A5B /* ConstraintLayoutGuide+Extensions.swift in Sources */,
				42B9B184216E515800D56A5B /* ConstraintLayoutSupport.swift in Sources */,
				42B9B199216E65AD00D56A5B /* saTableViewCell.swift in Sources */,
				39E92841216CB2A900B8ACC1 /* ViewController.swift in Sources */,
				42B9B18B216E515800D56A5B /* ConstraintLayoutGuideDSL.swift in Sources */,
				42B9B174216E515700D56A5B /* LayoutConstraintItem.swift in Sources */,
				42B9B197216E518700D56A5B /* PrivacyAgreementViewController.swift in Sources */,
				42B9B187216E515800D56A5B /* ConstraintOffsetTarget.swift in Sources */,
				42B9B194216E515800D56A5B /* ConstraintMakerRelatable.swift in Sources */,
				42B9B177216E515700D56A5B /* ConstraintAttributes.swift in Sources */,
				42B9B17B216E515700D56A5B /* ConstraintMakerFinalizable.swift in Sources */,
				42B9B18F216E515800D56A5B /* Debugging.swift in Sources */,
				42B9B189216E515800D56A5B /* ConstraintMaker.swift in Sources */,
				39E9283F216CB2A900B8ACC1 /* AppDelegate.swift in Sources */,
				39F9C1F1216D9C3000A21627 /* TextViewController.swift in Sources */,
				42B9B18C216E515800D56A5B /* ConstraintView+Extensions.swift in Sources */,
				42B9B185216E515800D56A5B /* Typealiases.swift in Sources */,
				42B9B176216E515700D56A5B /* ConstraintMakerPriortizable.swift in Sources */,
				42B9B17A216E515700D56A5B /* ConstraintInsets.swift in Sources */,
				42B9B18E216E515800D56A5B /* Constraint.swift in Sources */,
				42B9B182216E515700D56A5B /* ConstraintView.swift in Sources */,
				42B9B179216E515700D56A5B /* ConstraintPriorityTarget.swift in Sources */,
				42B9B181216E515700D56A5B /* UILayoutSupport+Extensions.swift in Sources */,
				42B9B17E216E515700D56A5B /* ConstraintPriority.swift in Sources */,
				421FD042216E360300A780F0 /* HZFFont.swift in Sources */,
				42B9B17D216E515700D56A5B /* ConstraintMakerExtendable.swift in Sources */,
				42B9B186216E515800D56A5B /* ConstraintConstantTarget.swift in Sources */,
				42B9B17F216E515700D56A5B /* ConstraintInsetTarget.swift in Sources */,
				421FD044216E387300A780F0 /* StringHeight.swift in Sources */,
				42B9B183216E515700D56A5B /* ConstraintLayoutGuide.swift in Sources */,
				42B9B175216E515700D56A5B /* ConstraintDescription.swift in Sources */,
				42B9B191216E515800D56A5B /* LayoutConstraint.swift in Sources */,
				42B9B193216E515800D56A5B /* ConstraintLayoutSupportDSL.swift in Sources */,
				42B9B180216E515700D56A5B /* ConstraintConfig.swift in Sources */,
				42B9B178216E515700D56A5B /* ConstraintViewDSL.swift in Sources */,
				42B9B17C216E515700D56A5B /* ConstraintDSL.swift in Sources */,
			);
			runOnlyForDeploymentPostprocessing = 0;
		};
		39E9284B216CB2AC00B8ACC1 /* Sources */ = {
			isa = PBXSourcesBuildPhase;
			buildActionMask = 2147483647;
			files = (
				39E92854216CB2AC00B8ACC1 /* RxSwiftStudaywwTests.swift in Sources */,
			);
			runOnlyForDeploymentPostprocessing = 0;
		};
		39E92856216CB2AC00B8ACC1 /* Sources */ = {
			isa = PBXSourcesBuildPhase;
			buildActionMask = 2147483647;
			files = (
				39E9285F216CB2AC00B8ACC1 /* RxSwiftStudaywwUITests.swift in Sources */,
			);
			runOnlyForDeploymentPostprocessing = 0;
		};
/* End PBXSourcesBuildPhase section */

/* Begin PBXTargetDependency section */
		39E92851216CB2AC00B8ACC1 /* PBXTargetDependency */ = {
			isa = PBXTargetDependency;
			target = 39E9283A216CB2A900B8ACC1 /* RxSwiftStudayww */;
			targetProxy = 39E92850216CB2AC00B8ACC1 /* PBXContainerItemProxy */;
		};
		39E9285C216CB2AC00B8ACC1 /* PBXTargetDependency */ = {
			isa = PBXTargetDependency;
			target = 39E9283A216CB2A900B8ACC1 /* RxSwiftStudayww */;
			targetProxy = 39E9285B216CB2AC00B8ACC1 /* PBXContainerItemProxy */;
		};
/* End PBXTargetDependency section */

/* Begin PBXVariantGroup section */
		39E92842216CB2A900B8ACC1 /* Main.storyboard */ = {
			isa = PBXVariantGroup;
			children = (
				39E92843216CB2A900B8ACC1 /* Base */,
			);
			name = Main.storyboard;
			sourceTree = "<group>";
		};
		39E92847216CB2AC00B8ACC1 /* LaunchScreen.storyboard */ = {
			isa = PBXVariantGroup;
			children = (
				39E92848216CB2AC00B8ACC1 /* Base */,
			);
			name = LaunchScreen.storyboard;
			sourceTree = "<group>";
		};
/* End PBXVariantGroup section */

/* Begin XCBuildConfiguration section */
		39E92861216CB2AC00B8ACC1 /* Debug */ = {
			isa = XCBuildConfiguration;
			buildSettings = {
				ALWAYS_SEARCH_USER_PATHS = NO;
				CLANG_ANALYZER_NONNULL = YES;
				CLANG_ANALYZER_NUMBER_OBJECT_CONVERSION = YES_AGGRESSIVE;
				CLANG_CXX_LANGUAGE_STANDARD = "gnu++14";
				CLANG_CXX_LIBRARY = "libc++";
				CLANG_ENABLE_MODULES = YES;
				CLANG_ENABLE_OBJC_ARC = YES;
				CLANG_ENABLE_OBJC_WEAK = YES;
				CLANG_WARN_BLOCK_CAPTURE_AUTORELEASING = YES;
				CLANG_WARN_BOOL_CONVERSION = YES;
				CLANG_WARN_COMMA = YES;
				CLANG_WARN_CONSTANT_CONVERSION = YES;
				CLANG_WARN_DEPRECATED_OBJC_IMPLEMENTATIONS = YES;
				CLANG_WARN_DIRECT_OBJC_ISA_USAGE = YES_ERROR;
				CLANG_WARN_DOCUMENTATION_COMMENTS = YES;
				CLANG_WARN_EMPTY_BODY = YES;
				CLANG_WARN_ENUM_CONVERSION = YES;
				CLANG_WARN_INFINITE_RECURSION = YES;
				CLANG_WARN_INT_CONVERSION = YES;
				CLANG_WARN_NON_LITERAL_NULL_CONVERSION = YES;
				CLANG_WARN_OBJC_IMPLICIT_RETAIN_SELF = YES;
				CLANG_WARN_OBJC_LITERAL_CONVERSION = YES;
				CLANG_WARN_OBJC_ROOT_CLASS = YES_ERROR;
				CLANG_WARN_RANGE_LOOP_ANALYSIS = YES;
				CLANG_WARN_STRICT_PROTOTYPES = YES;
				CLANG_WARN_SUSPICIOUS_MOVE = YES;
				CLANG_WARN_UNGUARDED_AVAILABILITY = YES_AGGRESSIVE;
				CLANG_WARN_UNREACHABLE_CODE = YES;
				CLANG_WARN__DUPLICATE_METHOD_MATCH = YES;
				CODE_SIGN_IDENTITY = "iPhone Developer";
				COPY_PHASE_STRIP = NO;
				DEBUG_INFORMATION_FORMAT = dwarf;
				ENABLE_STRICT_OBJC_MSGSEND = YES;
				ENABLE_TESTABILITY = YES;
				GCC_C_LANGUAGE_STANDARD = gnu11;
				GCC_DYNAMIC_NO_PIC = NO;
				GCC_NO_COMMON_BLOCKS = YES;
				GCC_OPTIMIZATION_LEVEL = 0;
				GCC_PREPROCESSOR_DEFINITIONS = (
					"DEBUG=1",
					"$(inherited)",
				);
				GCC_WARN_64_TO_32_BIT_CONVERSION = YES;
				GCC_WARN_ABOUT_RETURN_TYPE = YES_ERROR;
				GCC_WARN_UNDECLARED_SELECTOR = YES;
				GCC_WARN_UNINITIALIZED_AUTOS = YES_AGGRESSIVE;
				GCC_WARN_UNUSED_FUNCTION = YES;
				GCC_WARN_UNUSED_VARIABLE = YES;
				IPHONEOS_DEPLOYMENT_TARGET = 12.0;
				MTL_ENABLE_DEBUG_INFO = INCLUDE_SOURCE;
				MTL_FAST_MATH = YES;
				ONLY_ACTIVE_ARCH = YES;
				SDKROOT = iphoneos;
				SWIFT_ACTIVE_COMPILATION_CONDITIONS = DEBUG;
				SWIFT_OPTIMIZATION_LEVEL = "-Onone";
			};
			name = Debug;
		};
		39E92862216CB2AC00B8ACC1 /* Release */ = {
			isa = XCBuildConfiguration;
			buildSettings = {
				ALWAYS_SEARCH_USER_PATHS = NO;
				CLANG_ANALYZER_NONNULL = YES;
				CLANG_ANALYZER_NUMBER_OBJECT_CONVERSION = YES_AGGRESSIVE;
				CLANG_CXX_LANGUAGE_STANDARD = "gnu++14";
				CLANG_CXX_LIBRARY = "libc++";
				CLANG_ENABLE_MODULES = YES;
				CLANG_ENABLE_OBJC_ARC = YES;
				CLANG_ENABLE_OBJC_WEAK = YES;
				CLANG_WARN_BLOCK_CAPTURE_AUTORELEASING = YES;
				CLANG_WARN_BOOL_CONVERSION = YES;
				CLANG_WARN_COMMA = YES;
				CLANG_WARN_CONSTANT_CONVERSION = YES;
				CLANG_WARN_DEPRECATED_OBJC_IMPLEMENTATIONS = YES;
				CLANG_WARN_DIRECT_OBJC_ISA_USAGE = YES_ERROR;
				CLANG_WARN_DOCUMENTATION_COMMENTS = YES;
				CLANG_WARN_EMPTY_BODY = YES;
				CLANG_WARN_ENUM_CONVERSION = YES;
				CLANG_WARN_INFINITE_RECURSION = YES;
				CLANG_WARN_INT_CONVERSION = YES;
				CLANG_WARN_NON_LITERAL_NULL_CONVERSION = YES;
				CLANG_WARN_OBJC_IMPLICIT_RETAIN_SELF = YES;
				CLANG_WARN_OBJC_LITERAL_CONVERSION = YES;
				CLANG_WARN_OBJC_ROOT_CLASS = YES_ERROR;
				CLANG_WARN_RANGE_LOOP_ANALYSIS = YES;
				CLANG_WARN_STRICT_PROTOTYPES = YES;
				CLANG_WARN_SUSPICIOUS_MOVE = YES;
				CLANG_WARN_UNGUARDED_AVAILABILITY = YES_AGGRESSIVE;
				CLANG_WARN_UNREACHABLE_CODE = YES;
				CLANG_WARN__DUPLICATE_METHOD_MATCH = YES;
				CODE_SIGN_IDENTITY = "iPhone Developer";
				COPY_PHASE_STRIP = NO;
				DEBUG_INFORMATION_FORMAT = "dwarf-with-dsym";
				ENABLE_NS_ASSERTIONS = NO;
				ENABLE_STRICT_OBJC_MSGSEND = YES;
				GCC_C_LANGUAGE_STANDARD = gnu11;
				GCC_NO_COMMON_BLOCKS = YES;
				GCC_WARN_64_TO_32_BIT_CONVERSION = YES;
				GCC_WARN_ABOUT_RETURN_TYPE = YES_ERROR;
				GCC_WARN_UNDECLARED_SELECTOR = YES;
				GCC_WARN_UNINITIALIZED_AUTOS = YES_AGGRESSIVE;
				GCC_WARN_UNUSED_FUNCTION = YES;
				GCC_WARN_UNUSED_VARIABLE = YES;
				IPHONEOS_DEPLOYMENT_TARGET = 12.0;
				MTL_ENABLE_DEBUG_INFO = NO;
				MTL_FAST_MATH = YES;
				SDKROOT = iphoneos;
				SWIFT_COMPILATION_MODE = wholemodule;
				SWIFT_OPTIMIZATION_LEVEL = "-O";
				VALIDATE_PRODUCT = YES;
			};
			name = Release;
		};
		39E92864216CB2AC00B8ACC1 /* Debug */ = {
			isa = XCBuildConfiguration;
			baseConfigurationReference = 86FF33151172EEB24CCD209C /* Pods-RxSwiftStudayww.debug.xcconfig */;
			buildSettings = {
				ASSETCATALOG_COMPILER_APPICON_NAME = AppIcon;
				CODE_SIGN_STYLE = Automatic;
				INFOPLIST_FILE = RxSwiftStudayww/Info.plist;
				LD_RUNPATH_SEARCH_PATHS = (
					"$(inherited)",
					"@executable_path/Frameworks",
				);
				PRODUCT_BUNDLE_IDENTIFIER = com.sssss.RxSwiftStudayww;
				PRODUCT_NAME = "$(TARGET_NAME)";
				SWIFT_VERSION = 4.2;
				TARGETED_DEVICE_FAMILY = "1,2";
			};
			name = Debug;
		};
		39E92865216CB2AC00B8ACC1 /* Release */ = {
			isa = XCBuildConfiguration;
			baseConfigurationReference = 11CE902FDF15C9EB5162B3A7 /* Pods-RxSwiftStudayww.release.xcconfig */;
			buildSettings = {
				ASSETCATALOG_COMPILER_APPICON_NAME = AppIcon;
				CODE_SIGN_STYLE = Automatic;
				INFOPLIST_FILE = RxSwiftStudayww/Info.plist;
				LD_RUNPATH_SEARCH_PATHS = (
					"$(inherited)",
					"@executable_path/Frameworks",
				);
				PRODUCT_BUNDLE_IDENTIFIER = com.sssss.RxSwiftStudayww;
				PRODUCT_NAME = "$(TARGET_NAME)";
				SWIFT_VERSION = 4.2;
				TARGETED_DEVICE_FAMILY = "1,2";
			};
			name = Release;
		};
		39E92867216CB2AC00B8ACC1 /* Debug */ = {
			isa = XCBuildConfiguration;
			baseConfigurationReference = 4EE07E7A092E3E240C27E89D /* Pods-RxSwiftStudaywwTests.debug.xcconfig */;
			buildSettings = {
				ALWAYS_EMBED_SWIFT_STANDARD_LIBRARIES = YES;
				BUNDLE_LOADER = "$(TEST_HOST)";
				CODE_SIGN_STYLE = Automatic;
				INFOPLIST_FILE = RxSwiftStudaywwTests/Info.plist;
				LD_RUNPATH_SEARCH_PATHS = (
					"$(inherited)",
					"@executable_path/Frameworks",
					"@loader_path/Frameworks",
				);
				PRODUCT_BUNDLE_IDENTIFIER = com.sssss.RxSwiftStudaywwTests;
				PRODUCT_NAME = "$(TARGET_NAME)";
				SWIFT_VERSION = 4.2;
				TARGETED_DEVICE_FAMILY = "1,2";
				TEST_HOST = "$(BUILT_PRODUCTS_DIR)/RxSwiftStudayww.app/RxSwiftStudayww";
			};
			name = Debug;
		};
		39E92868216CB2AC00B8ACC1 /* Release */ = {
			isa = XCBuildConfiguration;
			baseConfigurationReference = 50CDE87C72EA4BC7341B124F /* Pods-RxSwiftStudaywwTests.release.xcconfig */;
			buildSettings = {
				ALWAYS_EMBED_SWIFT_STANDARD_LIBRARIES = YES;
				BUNDLE_LOADER = "$(TEST_HOST)";
				CODE_SIGN_STYLE = Automatic;
				INFOPLIST_FILE = RxSwiftStudaywwTests/Info.plist;
				LD_RUNPATH_SEARCH_PATHS = (
					"$(inherited)",
					"@executable_path/Frameworks",
					"@loader_path/Frameworks",
				);
				PRODUCT_BUNDLE_IDENTIFIER = com.sssss.RxSwiftStudaywwTests;
				PRODUCT_NAME = "$(TARGET_NAME)";
				SWIFT_VERSION = 4.2;
				TARGETED_DEVICE_FAMILY = "1,2";
				TEST_HOST = "$(BUILT_PRODUCTS_DIR)/RxSwiftStudayww.app/RxSwiftStudayww";
			};
			name = Release;
		};
		39E9286A216CB2AC00B8ACC1 /* Debug */ = {
			isa = XCBuildConfiguration;
			baseConfigurationReference = F82BFFE83E5482F6CFAD8FA3 /* Pods-RxSwiftStudaywwUITests.debug.xcconfig */;
			buildSettings = {
				ALWAYS_EMBED_SWIFT_STANDARD_LIBRARIES = YES;
				CODE_SIGN_STYLE = Automatic;
				INFOPLIST_FILE = RxSwiftStudaywwUITests/Info.plist;
				LD_RUNPATH_SEARCH_PATHS = (
					"$(inherited)",
					"@executable_path/Frameworks",
					"@loader_path/Frameworks",
				);
				PRODUCT_BUNDLE_IDENTIFIER = com.sssss.RxSwiftStudaywwUITests;
				PRODUCT_NAME = "$(TARGET_NAME)";
				SWIFT_VERSION = 4.2;
				TARGETED_DEVICE_FAMILY = "1,2";
				TEST_TARGET_NAME = RxSwiftStudayww;
			};
			name = Debug;
		};
		39E9286B216CB2AC00B8ACC1 /* Release */ = {
			isa = XCBuildConfiguration;
			baseConfigurationReference = 7FE652D7B74900D22E511F3D /* Pods-RxSwiftStudaywwUITests.release.xcconfig */;
			buildSettings = {
				ALWAYS_EMBED_SWIFT_STANDARD_LIBRARIES = YES;
				CODE_SIGN_STYLE = Automatic;
				INFOPLIST_FILE = RxSwiftStudaywwUITests/Info.plist;
				LD_RUNPATH_SEARCH_PATHS = (
					"$(inherited)",
					"@executable_path/Frameworks",
					"@loader_path/Frameworks",
				);
				PRODUCT_BUNDLE_IDENTIFIER = com.sssss.RxSwiftStudaywwUITests;
				PRODUCT_NAME = "$(TARGET_NAME)";
				SWIFT_VERSION = 4.2;
				TARGETED_DEVICE_FAMILY = "1,2";
				TEST_TARGET_NAME = RxSwiftStudayww;
			};
			name = Release;
		};
/* End XCBuildConfiguration section */

/* Begin XCConfigurationList section */
		39E92836216CB2A900B8ACC1 /* Build configuration list for PBXProject "RxSwiftStudayww" */ = {
			isa = XCConfigurationList;
			buildConfigurations = (
				39E92861216CB2AC00B8ACC1 /* Debug */,
				39E92862216CB2AC00B8ACC1 /* Release */,
			);
			defaultConfigurationIsVisible = 0;
			defaultConfigurationName = Release;
		};
		39E92863216CB2AC00B8ACC1 /* Build configuration list for PBXNativeTarget "RxSwiftStudayww" */ = {
			isa = XCConfigurationList;
			buildConfigurations = (
				39E92864216CB2AC00B8ACC1 /* Debug */,
				39E92865216CB2AC00B8ACC1 /* Release */,
			);
			defaultConfigurationIsVisible = 0;
			defaultConfigurationName = Release;
		};
		39E92866216CB2AC00B8ACC1 /* Build configuration list for PBXNativeTarget "RxSwiftStudaywwTests" */ = {
			isa = XCConfigurationList;
			buildConfigurations = (
				39E92867216CB2AC00B8ACC1 /* Debug */,
				39E92868216CB2AC00B8ACC1 /* Release */,
			);
			defaultConfigurationIsVisible = 0;
			defaultConfigurationName = Release;
		};
		39E92869216CB2AC00B8ACC1 /* Build configuration list for PBXNativeTarget "RxSwiftStudaywwUITests" */ = {
			isa = XCConfigurationList;
			buildConfigurations = (
				39E9286A216CB2AC00B8ACC1 /* Debug */,
				39E9286B216CB2AC00B8ACC1 /* Release */,
			);
			defaultConfigurationIsVisible = 0;
			defaultConfigurationName = Release;
		};
/* End XCConfigurationList section */
	};
	rootObject = 39E92833216CB2A900B8ACC1 /* Project object */;
}
